
Microsoft Visual Studio Solution File, Format Version 12.00
# Visual Studio 15
Project("{FAE04EC0-301F-11D3-BF4B-00C04F79EFBC}") = "NHubSampleXamarinAndroid", "NHubSampleXamarinAndroid.csproj", "{37D1A3E8-3A1D-4A57-9BB8-3491162637B1}"
EndProject
Global
	GlobalSection(SolutionConfigurationPlatforms) = preSolution
		Debug|Any CPU = Debug|Any CPU
		Release|Any CPU = Release|Any CPU
	EndGlobalSection
	GlobalSection(ProjectConfigurationPlatforms) = postSolution
		{37D1A3E8-3A1D-4A57-9BB8-3491162637B1}.Debug|Any CPU.ActiveCfg = Debug|Any CPU
		{37D1A3E8-3A1D-4A57-9BB8-3491162637B1}.Debug|Any CPU.Build.0 = Debug|Any CPU
		{37D1A3E8-3A1D-4A57-9BB8-3491162637B1}.Release|Any CPU.ActiveCfg = Release|Any CPU
		{37D1A3E8-3A1D-4A57-9BB8-3491162637B1}.Release|Any CPU.Build.0 = Release|Any CPU
	EndGlobalSection
EndGlobal
